20250808: [140.8,3.9,131.3]
20250809: [140.3,3.9,132.0]
20250810: [139.7,3.9,131.4]
20250811: [147.2,3.9,135.2]
20250812: [145.9,3.9,127.7]
20250813: [150.0,3.9,135.0]
20250814: [137.3,3.9,129.6]
20250815: [136.4,3.9,121.7]
20250816: [142.1,4.0,null]
20250817: [139.6,4.0,null]
20250818: [139.3,3.9,123.8]
20250819: [140.2,3.9,122.7]
20250820: [139.4,3.9,125.8]
20250821: [138.9,3.9,131.0]
20250822: [137.1,3.9,127.6]
20250823: [138.3,3.9,128.0]
20250824: [136.8,3.9,126.5]
20250825: [137.0,3.9,127.6]
20250826: [141.8,4.1,128.8]
20250827: [136.1,3.9,130.9]
20250828: [137.8,3.9,119.6]
20250829: [141.4,3.9,147.0]
20250830: [139.5,3.9,139.2]
20250831: [140.2,3.9,147.8]
20250901: [140.8,4.0,141.4]
20250902: [136.8,3.9,138.4]
20250903: [139.8,3.9,141.7]
20250904: [140.7,3.9,140.2]
20250905: [137.4,3.9,142.3]
20250906: [138.7,3.9,139.6]
20250907: [140.4,3.9,139.6]
20250908: [139.6,3.9,136.4]
20250909: [136.9,3.9,139.1]
20250910: [136.6,3.9,139.1]
20250911: [139.5,3.9,140.5]
20250912: [140.3,3.9,142.9]
20250913: [138.1,3.9,143.1]
20250914: [137.2,3.9,142.1]
20250915: [135.4,3.9,142.1]
20250916: [138.8,3.9,141.8]
20250917: [142.1,3.9,142.0]
20250918: [140.1,3.9,143.7]
20250919: [139.6,3.9,144.8]
20250920: [138.0,3.9,144.6]
20250921: [138.2,3.9,142.4]
20250922: [140.1,3.9,142.6]
20250923: [139.0,3.9,145.2]
20250924: [144.4,3.9,143.5]
20250926: [140.1,3.9,141.5]
20250927: [140.8,3.9,142.2]
20250928: [141.8,3.9,141.9]
20250929: [142.4,3.9,140.1]
20250930: [136.3,3.9,139.2]
20251001: [136.8,3.9,139.8]
20251002: [142.9,3.9,138.9]
20251003: [137.1,3.9,139.5]
20251004: [139.2,3.9,139.2]
20251005: [137.4,3.9,139.6]
20251006: [136.1,3.9,139.7]
20251007: [136.1,3.9,140.3]
20251008: [139.3,3.9,139.3]
20251009: [142.6,3.9,142.0]
20251010: [141.1,3.9,141.8]
20251011: [142.5,3.9,141.7]
20251012: [137.4,3.9,143.7]
20251013: [140.6,3.9,138.8]
20251014: [139.7,3.9,138.3]
20251015: [141.6,3.9,139.8]
20251016: [142.6,3.9,134.6]
20251017: [137.1,3.9,136.4]
20251018: [137.6,3.9,132.1]
20251019: [137.4,3.9,136.8]
20251020: [137.6,3.9,133.3]
20251021: [136.5,3.9,131.9]
20251022: [138.2,3.9,134.3]
