20250708: [5516614.357281374]
20250709: [5831746.588347521]
20250710: [6142542.788061327]
20250711: [5523084.607298563]
20250712: [5606586.724683411]
20250713: [5570470.67952899]
20250714: [6155351.816112144]
20250715: [5796850.441028973]
20250716: [5680146.83152523]
20250717: [5736558.976945521]
20250718: [6140043.182929292]
20250719: [5963667.350740693]
20250720: [5849785.352097694]
20250721: [5318283.439068733]
20250722: [5285658.148396399]
20250723: [5418259.042381945]
20250724: [5537776.721022417]
20250725: [5268086.336481354]
20250726: [6067845.292262434]
20250727: [6127486.08478263]
20250728: [5979181.15122307]
20250729: [5847851.2792689465]
20250730: [5705562.645221972]
20250731: [5616465.960584728]
20250801: [5961280.868367229]
20250802: [6090108.414925516]
20250803: [6122300.401542083]
20250804: [6088657.5294397]
20250805: [5746074.5203540055]
20250806: [5782463.883201243]
20250807: [5843242.249702149]
20250808: [6064754.781825099]
20250809: [6057041.249113745]
20250810: [5951637.126796935]
20250811: [5784993.323523052]
20250812: [5679327.273783255]
20250813: [5869247.844458702]
20250814: [6111363.964690993]
20250815: [5962931.442827917]
20250816: [5963337.410152349]
20250817: [5947311.769611997]
20250818: [5783053.097508881]
20250819: [5897594.531073]
20250820: [5906184.297972447]
20250821: [5599338.918173427]
20250822: [5844394.292830372]
20250823: [5943529.341071359]
20250824: [5898514.359328564]
20250825: [5825684.790774102]
20250826: [5503312.595341171]
20250827: [5685053.9597641835]
20250828: [5529269.60705732]
20250829: [5585853.641619753]
20250830: [5675062.092767968]
20250831: [5598191.253366369]
20250901: [5555724.899831644]
20250902: [5785489.705437992]
20250903: [5909761.922297795]
20250904: [5946127.993078476]
20250905: [5987579.28699695]
20250906: [6035503.897029089]
20250907: [5921626.679473591]
20250908: [5715866.539612833]
20250909: [5506802.938895357]
20250910: [5459516.991238394]
20250911: [5862770.135709136]
20250912: [5654065.5997682465]
20250913: [5712313.279332747]
20250914: [5421581.682819535]
20250915: [5375808.30727442]
20250916: [5784137.604751597]
20250917: [5728016.774218097]
20250918: [5329648.967965068]
20250919: [5441398.393216886]
20250920: [5157807.804248416]
20250921: [5301938.064263352]
20250922: [5319507.604799015]
20250923: [5637173.404264793]
20250924: [5427674.419780261]
20250926: [5494208.611969259]
20250927: [6043291.570239815]
20250928: [5915932.582693187]
20250929: [5669523.831949668]
20250930: [5620376.127116207]
20251001: [5881557.328637207]
20251002: [5524426.149831065]
20251003: [5732038.809927681]
20251004: [5799546.5489925565]
20251005: [5874335.859899575]
20251006: [5956829.647573028]
20251007: [5715824.860201031]
20251008: [5592054.78766944]
20251009: [5825437.919292934]
20251010: [5599009.616356153]
20251011: [5466102.014379982]
20251012: [5583206.3723709835]
20251013: [5885916.710379809]
20251014: [5642395.610147616]
20251015: [5547718.031703916]
20251016: [5693412.813607246]
20251017: [5625176.585556131]
20251018: [5587403.456865992]
20251019: [5571043.3976962175]
20251020: [4945462.992843382]
20251021: [5779074.60711013]
20251022: [5489820.770414836]
20251023: [5867415.323863413]
20251024: [5826049.842669131]
20251025: [5781847.244917236]
20251026: [5883332.550913054]
20251027: [5745920.643135233]
20251028: [5443806.53729731]
20251029: [5841694.279025396]
20251030: [6027251.906140301]
20251031: [6007308.256164812]
20251101: [5868897.337681326]
20251102: [5666500.362858153]
20251103: [5852040.045488125]
20251104: [5825362.34334751]
20251105: [6003918.93362667]
