20250830: [5675062.092767968]
20250831: [5598191.253366369]
20250901: [5555724.899831644]
20250902: [5785489.705437992]
20250903: [5909761.922297795]
20250904: [5946127.993078476]
20250905: [5987579.28699695]
20250906: [6035503.897029089]
20250907: [5921626.679473591]
20250908: [5715866.539612833]
20250909: [5506802.938895357]
20250910: [5459516.991238394]
20250911: [5862770.135709136]
20250912: [5654065.5997682465]
20250913: [5712313.279332747]
20250914: [5421581.682819535]
20250915: [5375808.30727442]
