20250822: [3145752.88328388]
20250823: [3049733.4970597574]
20250824: [3075711.490058548]
20250825: [2998686.0828638165]
20250826: [3099010.151502819]
20250827: [3065907.458391769]
20250828: [3018094.4640432075]
20250829: [3082279.0766593767]
20250830: [3115229.704358567]
20250831: [3161165.4714600253]
20250901: [3132244.4360939204]
20250902: [3040885.468453204]
20250903: [2888041.2602065164]
20250904: [3236973.8536949796]
20250905: [3254322.9919786844]
20250906: [3302225.21650951]
20250907: [3273929.2475435007]
20250908: [3163577.697526773]
20250909: [3125646.7225050586]
20250910: [3059673.4084305656]
20250911: [3272174.488667645]
20250912: [3103404.5669928477]
20250913: [3171774.445037344]
20250914: [3216816.0156656723]
20250915: [3264276.926443356]
