20250906: [3878409.7383700088]
20250907: [3861290.020551613]
20250908: [3858801.8512079464]
20250909: [3732582.782651179]
20250910: [3671004.1584837856]
20250911: [3847672.2983004474]
20250912: [3742467.2974319174]
20250913: [3765352.4669997627]
20250914: [3720006.064080506]
20250915: [3831833.6293656635]
