20250708: [3663311.4386552176]
20250709: [3676559.682195024]
20250710: [3748983.1762398]
20250711: [3594311.667162149]
20250712: [3679833.3689034693]
20250713: [3621047.609072136]
20250714: [3631407.054448604]
20250715: [3515950.744820802]
20250716: [3498426.3688451652]
20250717: [3390594.2935146075]
20250718: [3699121.4734382746]
20250719: [3428092.2764211614]
20250720: [3500378.124259964]
20250721: [3599510.784073555]
20250722: [3563795.5752674327]
20250723: [3142334.6527269986]
20250724: [3370226.3394738655]
20250725: [3508169.7207330987]
20250726: [3743555.2422803696]
20250727: [3650962.689323057]
20250728: [3654613.5566357356]
20250729: [3589682.067538082]
20250730: [3540990.5579918995]
20250731: [3796045.403778963]
20250801: [3933059.075425275]
20250802: [4238273.135999102]
20250803: [4194551.541368293]
20250804: [4188259.6150303264]
20250805: [4089188.22372707]
20250806: [3867681.939626637]
20250807: [3776808.5050708735]
20250808: [4074251.414610655]
20250809: [3931025.6518524867]
20250810: [3950226.566654304]
20250811: [3727366.8281887947]
20250812: [3767421.072152573]
20250813: [3939521.513718889]
20250814: [4093423.768390915]
20250815: [4049433.020531017]
20250816: [3840073.8141918955]
20250817: [3882860.8796225158]
20250818: [3990226.108938723]
20250819: [4183416.331811324]
20250820: [4083978.5489068846]
20250821: [3431585.514898417]
20250822: [3560916.3928161785]
20250823: [3660375.9937242735]
20250824: [3630174.6008232967]
20250825: [3646075.8466949766]
20250826: [3735952.6908898177]
20250827: [3893076.402999833]
20250828: [3672478.8076218516]
20250829: [3656682.9291354283]
20250830: [3698972.544320563]
20250831: [3825077.1227544346]
20250901: [3890563.3132722504]
20250902: [3603383.7143098284]
20250903: [3793815.218163486]
20250904: [3784265.0433937795]
20250905: [3796225.505244876]
20250906: [3878409.7383700088]
20250907: [3861290.020551613]
20250908: [3858801.8512079464]
20250909: [3732582.782651179]
20250910: [3671004.1584837856]
20250911: [3847672.2983004474]
20250912: [3742467.2974319174]
20250913: [3765352.4669997627]
20250914: [3720006.064080506]
20250915: [3831833.6293656635]
20250916: [3742470.4596196925]
20250917: [3736214.5900002816]
20250918: [3698929.7102300385]
20250919: [3702517.256495345]
20250920: [3698028.4752194025]
20250921: [3673230.707258125]
20250922: [3691676.103196251]
20250923: [3804869.2273994065]
20250924: [3930062.525511613]
20250926: [3921540.3513755193]
20250927: [4114469.2329089376]
20250928: [4132806.605366122]
20250929: [4033549.7669707234]
20250930: [3922521.6552546783]
20251001: [3960384.4958381774]
20251002: [4021081.8027923093]
20251003: [3991918.003493522]
20251004: [4013781.302873379]
20251005: [3921805.5810689093]
20251006: [3789882.8569993763]
20251007: [3708026.791030195]
20251008: [3628550.5750294575]
20251009: [3689274.0360714737]
20251010: [3755442.017315582]
20251011: [3616325.7540665083]
20251012: [3730082.8006742694]
20251013: [3626260.5872607823]
20251014: [3660956.8393082935]
20251015: [3516481.0590139753]
20251016: [3559453.113401855]
20251017: [3628830.0874895873]
20251018: [3790010.112847028]
20251019: [3636266.065969588]
20251020: [3788277.2975746077]
20251021: [3806607.3776105912]
20251022: [3603699.423764907]
20251023: [3582089.0992872193]
