20250708: [2919898.310046572]
20250709: [2957025.685515465]
20250710: [3078115.860427481]
20250711: [2885754.96212823]
20250712: [2846546.674855764]
20250713: [2793712.4028893244]
20250714: [2919810.624909339]
20250715: [2979652.4995898916]
20250716: [3017588.4858228057]
20250717: [3035191.569942978]
20250718: [2993895.537216678]
20250719: [2987745.878200699]
20250720: [2955034.8628853057]
20250721: [2801053.0686204103]
20250722: [2757391.899345601]
20250723: [2672288.5566785694]
20250724: [2672483.570603293]
20250725: [2837817.65843641]
20250726: [3218191.790532301]
20250727: [3213376.2647644076]
20250728: [3194565.4579426576]
20250729: [2996795.8639917285]
20250730: [2932496.462626485]
20250731: [2922668.839078282]
20250801: [3162650.4180071745]
20250802: [3205769.72191935]
20250803: [3206389.9660528786]
20250804: [3187760.627751634]
20250805: [3147680.176102298]
20250806: [3124469.2890418563]
20250807: [3109389.522012489]
20250808: [3173148.2798869517]
20250809: [3074372.883549666]
20250810: [3034021.437363063]
20250811: [3106164.989727495]
20250812: [3039752.530985465]
20250813: [3252047.733434641]
20250814: [3259123.45959046]
20250815: [3280506.672321476]
20250816: [2898258.675503601]
20250817: [3228051.68463611]
20250818: [3323779.036194319]
20250819: [3321360.3451618683]
20250820: [3260614.6812493335]
20250821: [3367140.7550623273]
20250822: [3145752.88328388]
20250823: [3049733.4970597574]
20250824: [3075711.490058548]
20250825: [2998686.0828638165]
20250826: [3099010.151502819]
20250827: [3065907.458391769]
20250828: [3018094.4640432075]
20250829: [3082279.0766593767]
20250830: [3115229.704358567]
20250831: [3161165.4714600253]
20250901: [3132244.4360939204]
20250902: [3040885.468453204]
20250903: [2888041.2602065164]
20250904: [3236973.8536949796]
20250905: [3254322.9919786844]
20250906: [3302225.21650951]
20250907: [3273929.2475435007]
20250908: [3163577.697526773]
20250909: [3125646.7225050586]
20250910: [3059673.4084305656]
20250911: [3272174.488667645]
20250912: [3103404.5669928477]
20250913: [3171774.445037344]
20250914: [3216816.0156656723]
20250915: [3264276.926443356]
20250916: [3166235.085832065]
20250917: [3171475.866081251]
20250918: [2868098.978770353]
20250919: [3161055.8739582347]
20250920: [3048877.71314242]
20250921: [3122120.770436735]
20250922: [3111787.263100252]
20250923: [2990929.7521660607]
20250924: [3139973.842799575]
20250926: [2977478.1478822804]
20250927: [3270359.0617168797]
20250928: [3256584.1001195945]
20250929: [3291676.1314028255]
20250930: [3253400.303392026]
20251001: [3334512.1960923504]
20251002: [3213003.6663235496]
20251003: [3392955.8571398654]
20251004: [3302550.8285174016]
20251005: [3185420.2853249484]
20251006: [3268231.953345842]
20251007: [3024865.614761369]
20251008: [3068379.638229154]
20251009: [3062500.5937965116]
20251010: [3114503.417414278]
20251011: [3066710.748622785]
