20230307: [266596.94882246945]
20230308: [264162.3266315027]
20230309: [262543.65702332434]
20230310: [269424.93090299267]
20230311: [265318.43574839534]
20230312: [268718.82417244796]
20230313: [263274.46375518333]
20230315: [265827.16338328813]
20230316: [264406.8567008211]
20230317: [265905.7788226525]
20230318: [264358.41401942715]
20230319: [264312.79889803496]
20230320: [262623.023343855]
20230321: [265807.6296673529]
20230322: [270078.7875704192]
20230323: [265941.2456035428]
20230324: [266364.8375335366]
20230325: [268990.5121107041]
20230326: [266036.1647744854]
20230327: [264656.89636591106]
20230328: [263707.558308183]
20230329: [266003.79036346334]
20230401: [263748.6494625007]
20230402: [270079.7605124417]
20230403: [268164.4774097834]
20230404: [269986.4393017444]
20230405: [266598.39473029546]
20230406: [265981.5674214998]
20230408: [262358.2380179568]
20230409: [264299.7362750044]
20230410: [264105.6926240066]
20230411: [262352.02380446583]
20230412: [263615.4327953172]
20230413: [269025.2295829765]
20230414: [266265.21549372934]
20230415: [261667.70335469322]
20230416: [261818.6743348017]
20230417: [265268.9281896783]
20230418: [270091.87064191856]
20230419: [266276.03875657724]
20230420: [267808.5991176774]
20230421: [264663.48295713397]
20230422: [263754.90466998826]
20230423: [265513.6117752449]
20230424: [267048.08206187247]
20230425: [265610.4827091498]
20230426: [253562.06407006894]
20230427: [251899.81849674412]
20230428: [252243.09252401252]
20230429: [249656.053030796]
20230430: [251610.86310305956]
20230501: [250308.45220186724]
20230502: [253293.82876655908]
20230503: [248201.60385545256]
20230504: [250022.5196476424]
20230505: [247295.5283955797]
20230506: [252573.51330399627]
20230507: [249452.72789981583]
20230508: [250506.51120987284]
20230509: [252290.26610342434]
20230510: [250785.6099831421]
20230511: [255794.3694161925]
20230512: [256471.5469876364]
20230513: [257436.17105621705]
20230514: [252154.42961132]
20230515: [255425.51963084287]
20230517: [257122.71998352543]
20230518: [252771.3746980236]
20230519: [252803.86048407631]
20230520: [251205.06909375152]
20230521: [248954.4285118757]
20230522: [251010.59976431326]
20230523: [254234.68604010012]
20230524: [249339.65884343063]
20230525: [236543.71320317956]
20230526: [249942.37544558634]
20230527: [245292.46109834014]
20230528: [245870.19052590342]
20230529: [247931.95576318193]
20230530: [248621.91198324235]
20230531: [230561.07403876752]
20230601: [243861.1998693277]
20230602: [253580.47432851285]
20230603: [249249.917179892]
20230604: [238660.913361174]
20230605: [247569.9506615307]
20230606: [246551.1974628976]
20230607: [253186.24723626056]
20230608: [230579.88390492683]
20230609: [250942.15716857745]
20230610: [246640.08449747338]
20230611: [231954.82601827485]
20230612: [251743.411418085]
20230613: [254383.28338831288]
20230614: [252545.49453618625]
20230615: [254345.04151313854]
20230616: [241240.62223507423]
20230617: [237435.53361653883]
20230618: [237872.3515442304]
20230619: [255847.3450946357]
20230620: [253106.2723551512]
20230621: [254625.15509631578]
20230622: [252702.81676050328]
20230623: [243148.94735576748]
20230624: [255673.83259739794]
20230625: [241940.59252407274]
20230626: [256954.1370894185]
20230627: [257040.10176103975]
20230628: [248190.2346570327]
20230629: [256641.07981753035]
20230630: [246039.8987971852]
20230701: [246265.7259266765]
20230702: [246782.51539278828]
20230703: [242060.22393929423]
20230704: [245968.1103916892]
20230705: [243249.3441475029]
20230706: [254372.2886452579]
20230707: [253781.58583775943]
20230708: [249314.86673567185]
20230709: [255858.54903637242]
20230710: [249287.2687609376]
20230711: [253285.38324894375]
20230712: [240933.8861410785]
20230713: [244399.7998810603]
20230714: [251761.80051272816]
20230715: [247599.6226769701]
20230716: [242828.83516931243]
20230717: [247402.3422516883]
20230718: [250332.5262318394]
20230719: [242090.4057924624]
20230720: [253159.0173845117]
20230721: [248277.4979230005]
20230722: [247138.53821682962]
20230723: [244309.26696609278]
20230724: [243893.65853051588]
20230725: [250253.1916225903]
20230726: [250990.51014552175]
20230727: [248192.15620725282]
20230728: [255060.79123815533]
20230729: [252210.15925690715]
20230730: [250891.45200031597]
20230731: [250700.04906618816]
20230801: [246958.7100577778]
20230802: [245667.05921287104]
20230803: [241335.9360783689]
20230804: [232666.86689152694]
20230805: [240913.45753858253]
20230806: [235208.6666860271]
20230807: [238621.3288007158]
20230808: [239351.7073773076]
20230809: [238156.0434613487]
20230810: [237408.389591177]
20230811: [236334.55714904357]
20230812: [237459.55294104022]
20230813: [240871.54282558436]
20230814: [233128.9327272479]
20230815: [235998.06786966886]
20230816: [242624.81516887472]
20230817: [240465.8573977158]
20230818: [240316.26868248952]
20230819: [239253.18896128735]
20230820: [224047.20255994407]
20230821: [239940.34676802324]
20230822: [239422.54957899367]
20230823: [240366.45625931307]
20230824: [240839.15402268368]
20230825: [241973.792890407]
20230826: [229884.63473460756]
20230827: [239172.90796495692]
20230828: [243063.72251110972]
20230829: [243342.95335969454]
20230830: [244025.7326888557]
20230831: [245131.01215384254]
20230901: [241092.74764691494]
20230902: [243367.74396531496]
20230903: [247500.50989559322]
20230904: [247957.5636664956]
20230905: [249400.2224167368]
20230906: [243689.25740798833]
20230907: [245858.23712539318]
20230908: [240577.03826983858]
20230909: [239740.80352727458]
20230910: [246687.10681554867]
20230911: [243795.62667645473]
20230912: [252082.71826943808]
20230913: [243445.55887691514]
20230914: [252383.23605713854]
20230915: [246186.7794224942]
20230916: [248825.5455121926]
20230917: [245166.42122455488]
20230918: [249604.87761866496]
20230919: [243517.4275696849]
20230920: [249789.75902584882]
20230921: [244369.0669882638]
20230922: [253655.51141586478]
20230923: [256233.8028034153]
20230924: [251465.90447993032]
20230925: [254785.98852622864]
20230926: [253354.92708593854]
20230927: [250257.7216757172]
20230928: [259377.43629766346]
20230929: [252653.69193986012]
20230930: [251843.74101098868]
20231001: [253654.6710715077]
20231002: [252639.53716876646]
20231003: [256084.4228668077]
20231004: [257023.0232166535]
20231005: [251340.77624997977]
20231006: [244624.589718732]
20231007: [249702.67386353546]
20231008: [245696.3271052961]
20231009: [249945.04303038033]
20231010: [245200.87959915717]
20231011: [252113.7340596583]
20231012: [255874.56468193582]
20231013: [252315.5343030445]
20231014: [246278.60141154283]
20231015: [248522.9280857697]
20231016: [247375.5108803654]
20231017: [243926.51682772065]
20231018: [250342.48533729112]
20231019: [245901.2009622555]
20231020: [249413.20131162234]
20231021: [241881.68700675573]
20231022: [243369.68187812343]
20231023: [251690.60427228955]
20231024: [246063.1780175467]
20231025: [247702.37908307507]
20231026: [247025.8569869585]
20231027: [243199.15715751427]
20231028: [247392.79685586932]
20231029: [242504.71695696787]
20231030: [237202.82980051744]
20231031: [243913.41587401018]
20231101: [243949.5409097196]
20231102: [246160.16352733207]
20231103: [244576.4941898355]
20231104: [248048.85557111987]
20231105: [248295.58022001077]
20231106: [247448.3167896612]
20231107: [247765.36011137132]
20231108: [251436.8644314203]
20231109: [245548.3169452066]
20231110: [247907.60030211948]
20231111: [248864.4880956003]
20231112: [252565.67829361276]
20231113: [245876.52685332095]
20231114: [236777.10270065189]
20231115: [247995.00746776004]
20231116: [243992.85968283945]
20231117: [248193.8235562404]
20231118: [242783.10069610918]
20231119: [245971.01418067754]
20231120: [244923.74887264805]
20231121: [246940.60933318394]
20231122: [240508.44788000098]
20231123: [235121.78582623354]
20231124: [234387.59334863353]
20231125: [245359.1962497981]
20231126: [252214.73925877843]
20231127: [246422.77954644297]
20231128: [241889.98669548216]
20231129: [242780.92522516492]
20231130: [247296.09290664003]
20231201: [246386.4588510251]
20231202: [242438.32369115629]
20231203: [244184.00295180795]
20231204: [241389.732279335]
20231205: [240140.2003047375]
20231206: [244010.1273308683]
20231207: [233357.23830347895]
20231208: [247121.13153181074]
20231209: [236212.8048636703]
20231210: [249214.92877967213]
20231211: [245855.28172920865]
20231212: [244555.91885940253]
20231213: [246310.1488165389]
20231214: [253175.32179286733]
20231215: [232789.5551650135]
20231216: [247769.8973513541]
20231217: [239202.47640081315]
20231218: [250214.75115178508]
20231219: [250181.54112688915]
20231220: [246665.31898923838]
20231221: [251651.7618127898]
20231222: [251917.8782855637]
20231223: [244436.83741994525]
20231224: [236085.36954609575]
20231225: [251057.1411640336]
20231226: [253313.8177341905]
20231227: [250924.36194888793]
20231228: [251913.5849485281]
20231229: [248026.40648066532]
20231230: [247639.2089213075]
20231231: [252552.01651091577]
20240101: [254029.4223299719]
20240102: [242909.26137155094]
20240103: [249771.76484213493]
20240104: [246538.9820898663]
20240105: [246101.6372799548]
20240106: [247598.43441684183]
20240107: [252112.73067506033]
20240108: [251173.76072616145]
20240109: [237958.84289882664]
20240110: [244037.07805382385]
20240111: [246548.66223338648]
20240112: [252742.68131021486]
20240113: [252234.91694818175]
20240114: [242186.31436758014]
20240115: [247970.86222188338]
20240116: [252259.69646467784]
20240117: [248420.97909023028]
20240118: [248446.31990779118]
20240119: [246937.5099505475]
20240120: [245391.2626850388]
20240121: [240748.0385072253]
20240122: [239878.5829799701]
20240123: [235553.3776125174]
20240124: [231234.81274285784]
20240125: [237184.59133151395]
20240126: [246576.52609028213]
20240127: [245102.91988653105]
20240128: [232495.17389366592]
20240129: [230186.21969415902]
20240131: [241757.5644969035]
20240202: [227948.1258499269]
20240203: [242659.14413100557]
20240204: [229022.3944187847]
20240205: [228904.1118382245]
20240206: [234404.99182328905]
20240207: [247888.10681815774]
20240208: [246325.614770394]
20240209: [247634.03162914238]
20240210: [247050.77184247258]
20240211: [249603.9424605859]
20240212: [236289.71690072992]
20240213: [237332.439758359]
20240214: [232414.99730184308]
20240215: [229816.83187364225]
20240216: [231785.72050718128]
20240222: [235682.75775987533]
20240223: [239254.78737038252]
20240224: [241926.17883156554]
20240225: [233666.3784178352]
20240226: [243241.804532021]
20240227: [231650.46469961602]
20240228: [243477.71431551772]
20240229: [242902.69811945714]
20240301: [243130.89765442655]
20240302: [246165.8351096888]
20240303: [239500.13360110327]
20240304: [240797.60761701092]
20240305: [241818.0234961358]
20240306: [242931.65730134794]
20240307: [243953.2326645029]
20240308: [239382.00243677682]
20240309: [241247.95013208996]
20240310: [238437.75897586724]
20240311: [237432.31748692857]
20240312: [238381.5805195018]
20240313: [246728.5143429562]
20240314: [244446.45850793124]
20240315: [239477.54481246046]
20240316: [243779.8851833041]
20240317: [236555.73380020002]
20240318: [242538.81346089533]
20240319: [222464.75419684057]
20240320: [224994.7463349153]
20240321: [223583.45683923355]
20240322: [222205.9387457343]
20240323: [219610.38547828837]
20240324: [219115.6126054547]
20240325: [219800.15464867835]
20240326: [226889.9815398473]
20240327: [222104.37321120463]
20240328: [227262.90510944018]
20240329: [226629.86390397503]
20240330: [226125.14961882294]
20240331: [223309.49892275015]
20240401: [224840.46887634875]
20240402: [225631.62206556907]
20240403: [227614.48331101827]
20240404: [226408.2529282733]
20240405: [228387.12970271928]
20240406: [226852.01688697186]
20240407: [227732.99280880138]
20240408: [227572.09695849518]
20240409: [228942.0707723757]
20240410: [225858.0823677058]
20240411: [224220.51087883598]
20240412: [218428.04694875353]
20240413: [223467.19889476933]
20240414: [224259.84663223763]
20240415: [226454.6748318433]
20240416: [226599.80297680097]
20240417: [210981.71710045918]
20240418: [224687.01650890324]
20240419: [225566.452903691]
20240420: [214079.25793618898]
20240421: [226875.51251606093]
20240422: [226718.43072960316]
20240424: [212169.99123049766]
20240425: [224844.61467971932]
20240427: [228378.36134448525]
20240428: [225323.5483042215]
20240430: [225206.2372333025]
20240501: [222867.34721416698]
20240502: [221896.40228999022]
20240503: [224616.7470977735]
20240504: [224313.96229861202]
20240505: [225106.23882366883]
20240506: [211051.8902625963]
20240507: [223369.98420735725]
20240508: [225276.81875136346]
20240509: [226007.74458891497]
20240510: [219367.19394872725]
20240511: [224017.20333584448]
20240512: [222843.85999641079]
20240513: [224949.84797149623]
20240514: [221305.1423801211]
20240515: [223203.61724483865]
20240516: [222719.7328509949]
20240517: [228312.1555504836]
20240518: [222794.0445070673]
20240519: [225102.7663976658]
20240520: [222010.92723157923]
20240521: [225828.07736209698]
20240522: [227050.27414926363]
20240523: [225980.55368165852]
20240524: [229855.8402918156]
20240525: [225333.75205417722]
20240526: [226402.24070388422]
20240527: [250384.27602696203]
20240528: [231583.56242126663]
20240529: [233179.34572636656]
20240530: [230454.7320404945]
20240531: [232284.11302589602]
20240601: [233665.47660177283]
20240602: [233718.42729711605]
20240603: [231504.7595101119]
20240605: [233774.75703336133]
20240606: [229134.97884477198]
20240607: [231709.36108908823]
20240608: [230284.64329098916]
20240609: [231677.99141492348]
20240610: [232977.03670186302]
20240611: [232534.46345688662]
20240612: [233601.40622854634]
20240613: [230790.83345739913]
20240614: [223195.7331775586]
20240615: [229983.7159935228]
20240616: [228996.78998779712]
20240617: [227336.98744803303]
20240618: [244300.3144197093]
20240619: [241752.17159039635]
20240620: [229173.19938050632]
20240621: [229170.45223901348]
20240622: [230036.16396964336]
20240623: [224622.3576311924]
20240624: [239076.18866694858]
20240625: [241139.0230527548]
20240626: [226050.3197745424]
20240627: [226512.53384802453]
20240628: [230787.4077972409]
20240629: [221012.15837638214]
20240630: [241824.58938403398]
20240701: [239576.67481785253]
20240702: [220983.3361865607]
20240703: [220569.1229188331]
20240704: [194596.1530754302]
20240705: [197645.2356488983]
20240706: [207690.7005699244]
20240707: [192881.5537564163]
20240708: [202293.5558360488]
20240709: [197380.61751677224]
20240710: [196872.1743240557]
20240711: [195857.04064396716]
20240712: [212860.555631512]
20240713: [189390.21724090242]
20240714: [199227.14078299096]
20240715: [192412.74581038626]
20240716: [193210.89190689445]
20240717: [195378.1642975469]
20240718: [193875.24072432128]
20240719: [199493.51482786663]
20240720: [200578.49285093337]
20240721: [201332.88971403343]
20240722: [196514.715946272]
20240723: [194329.8289820738]
20240724: [198545.22988970007]
20240725: [197912.96804990483]
20240726: [203140.35227433132]
20240727: [199417.89524183748]
20240728: [198877.90461735835]
20240729: [200182.94740016764]
20240730: [205701.4327566609]
20240731: [203527.2472128988]
20240801: [203755.3711723702]
20240802: [194146.58807267688]
20240803: [200748.02288754302]
20240804: [201362.12954514212]
20240805: [203250.49416812274]
20240806: [202821.73553963087]
20240807: [205532.8319893385]
20240808: [198449.18675321256]
20240809: [203469.38868120709]
20240810: [201463.2681550368]
20240811: [201480.74344337147]
20240812: [195125.61272148052]
20240813: [196017.6361933383]
20240814: [202392.11033234958]
20240815: [204069.29570431125]
20240816: [200614.57048717848]
20240817: [201177.97689231977]
20240818: [201613.68224175723]
20240819: [198754.10344049204]
20240820: [199025.32034450158]
20240821: [200621.72166490357]
20240822: [199249.21980559695]
20240823: [197447.84499546656]
20240824: [199757.12951268567]
20240825: [198403.04528935064]
20240826: [202397.41183343163]
20240827: [203774.013659855]
20240828: [197855.74931537826]
20240829: [198617.86696875628]
20240830: [204543.27778241716]
20240831: [200290.1107022921]
20240901: [199578.460541162]
20240902: [204399.80754051916]
20240903: [198396.1718090945]
20240904: [200654.76249025366]
20240905: [198441.2975933601]
20240906: [199740.53230990845]
20240907: [203688.52418150404]
20240908: [201024.9371180822]
20240909: [204977.6142449685]
20240910: [209995.7681005704]
20240911: [206380.2265640472]
20240912: [208943.07368124623]
20240913: [198727.58859534308]
20240914: [198739.41151881564]
20240915: [198109.7142375964]
20240916: [196358.38314346178]
20240917: [195727.75381491822]
20240918: [201176.62051422242]
20240919: [202509.84258794965]
20240920: [201618.47543489825]
20240921: [201697.78935912298]
20240922: [200859.724705317]
20240923: [198379.63762668302]
20240924: [199036.77764313814]
20240925: [197751.01442949145]
20240926: [199240.39452222447]
20240927: [198657.63605630887]
20240928: [196980.84887111257]
20240929: [202425.3915679266]
20240930: [199749.99407640885]
20241001: [198235.54148347536]
20241002: [196522.73243752448]
20241003: [199572.42454424704]
20241004: [194758.14696732917]
20241005: [196231.67319383877]
20241006: [196377.30049832104]
20241007: [198922.37180309207]
20241008: [197209.6185526853]
20241009: [203025.61365426716]
20241010: [202332.37839672124]
20241011: [198626.9628214495]
20241012: [200519.69529393292]
20241013: [201678.97949404002]
20241014: [199210.66544500925]
20241015: [200436.07235387684]
20241016: [196494.09782355488]
20241017: [199988.4894233562]
20241018: [204536.69069476431]
20241019: [203808.156935589]
20241020: [198329.95951148067]
20241021: [199302.81130042265]
20241022: [200102.02628956834]
20241023: [203311.00052637103]
20241024: [199300.61039337915]
20241025: [203711.32413901857]
20241026: [201789.4703028079]
20241027: [203279.27197789983]
20241028: [201147.7545497599]
20241029: [199585.51409015854]
20241030: [200724.76649509757]
20241031: [201257.1191709446]
20241101: [203865.99308303808]
20241102: [197948.10934999047]
20241103: [205079.17502572725]
20241104: [197386.18910315167]
20241105: [204518.1786190314]
20241106: [198685.8897213485]
20241107: [198346.62686696625]
20241108: [210657.25937749338]
20241109: [210045.73417773]
20241110: [209084.08841585802]
20241111: [211277.11178673414]
20241112: [210640.95764903462]
20241113: [201051.05909238663]
20241114: [203346.55379472004]
20241115: [202655.766455984]
20241116: [203957.03778991342]
20241117: [200924.3605182058]
20241118: [204488.8851838132]
20241119: [200134.12118915102]
20241120: [203107.21917375378]
20241121: [202877.15587232882]
20241122: [204483.43514514176]
20241123: [201873.39035651786]
20241124: [205877.44264347185]
20241125: [205730.15817156495]
20241126: [205665.03113264262]
20241127: [200093.63273010135]
20241128: [202416.5869564003]
20241129: [202950.34658012574]
20241130: [200978.87316036073]
20241201: [207628.17832628547]
20241202: [202470.83622019205]
20241203: [199688.70452732823]
20241204: [202055.91566800178]
20241205: [202346.74574654253]
20241206: [199257.27332511573]
20241207: [202439.6742903364]
20241208: [203879.254914853]
20241209: [200973.3914298296]
20241210: [199663.17643541197]
20241211: [200903.7712913667]
20241212: [200312.3467789505]
20241213: [199137.02857785477]
20241214: [204206.44354263743]
20241215: [203350.3620246538]
20241216: [201374.28348473035]
20241217: [202609.44196862177]
20241218: [198288.2601629219]
20241219: [200754.5982135556]
20241220: [189052.40113727484]
20241221: [188595.15938834357]
20241222: [188594.15421139624]
20241223: [188491.6819471672]
20241224: [190526.9040265142]
20241225: [190607.3924993624]
20241226: [188316.1185320789]
20241227: [190350.16463755156]
20241228: [192462.1399021614]
20241229: [193584.25804030607]
20241230: [190449.30705315055]
20241231: [190113.88156706715]
20250101: [191778.2315777462]
20250102: [191529.2003953291]
20250103: [189452.05926851276]
20250104: [188845.45091154426]
20250105: [188189.49248766253]
20250106: [188547.0891987453]
20250107: [186344.20394594703]
20250108: [188152.4573658974]
