20250708: [212632.84728171828]
20250709: [216039.75089743224]
20250710: [212172.6750012037]
20250711: [212304.74286744092]
20250712: [211914.08399973696]
20250713: [213173.99285392664]
20250714: [216462.89330601456]
20250715: [214278.73647906265]
20250716: [213815.65961954516]
20250717: [217053.03810407812]
20250718: [218745.22094497684]
20250719: [213509.00439771876]
20250720: [215725.09437270963]
20250721: [213158.442399131]
20250722: [213539.94966972776]
20250723: [206921.09045536123]
20250724: [216501.93994416096]
20250725: [211802.31423169482]
20250726: [212556.64445970248]
20250727: [211824.52968911387]
20250728: [211083.32667634124]
20250729: [214668.30310765727]
20250730: [212118.44583667806]
20250731: [213264.7917482983]
20250801: [212498.7210844063]
20250802: [214165.1534516222]
20250803: [213919.00505884478]
20250804: [214169.2026473953]
20250805: [215536.63656725563]
20250806: [211247.31230254204]
20250807: [212900.21299493941]
20250808: [211629.09403247928]
20250809: [214970.9769765516]
20250810: [210427.4512919421]
20250811: [209517.17551009197]
20250812: [213462.24553487767]
20250813: [212030.1736126876]
20250814: [211333.17972043605]
20250815: [213309.0217622116]
20250816: [214559.8930584977]
20250817: [216544.4181000646]
20250818: [211459.54001374525]
20250819: [212056.45046085832]
20250820: [211616.24240584296]
20250821: [207509.97534185185]
20250822: [214796.15061262023]
20250823: [217244.84539380023]
20250824: [216428.78601522767]
20250825: [220084.31908139779]
20250826: [213372.42432153784]
20250827: [213876.30857493766]
20250828: [210872.06231043258]
20250829: [215382.49808750628]
20250830: [213471.985872794]
20250831: [214500.4470828363]
20250901: [212171.08284768948]
20250902: [215639.7061383775]
20250903: [210326.98691472027]
20250904: [213540.7385672915]
20250905: [209907.26046704865]
20250906: [214878.0872932835]
20250907: [215988.20328722225]
20250908: [212295.13891441666]
20250909: [211217.2223049083]
20250910: [215042.1136455279]
20250911: [214146.24122139343]
20250912: [212100.6935444891]
20250913: [217327.34314817208]
20250914: [215029.2334892498]
20250915: [218519.3025187079]
20250916: [217342.27442584315]
20250917: [214146.0452913289]
20250918: [217605.67440863163]
20250919: [215318.08387737194]
20250920: [219126.73248602825]
