20220923: [460680.22277059354]
20220924: [456835.29916638404]
20220925: [451362.69636829564]
20220926: [454384.772812881]
20220927: [465229.3128483679]
20220928: [463720.59141861706]
20220929: [447468.9658532911]
20220930: [447860.2883672612]
20221001: [455990.0050445997]
20221002: [457500.0408151381]
20221003: [455056.33528638195]
20221004: [462515.4159112608]
20221005: [454215.0856550757]
20221006: [458781.368269577]
20221007: [457109.68517291005]
20221008: [466001.664718929]
20221009: [454428.36387909483]
20221010: [462436.52439581306]
20221011: [457701.2055930247]
20221012: [439005.71346351]
20221013: [456297.95309038204]
20221014: [465108.9428121278]
20221015: [459272.10055968986]
20221016: [449432.6399964727]
20221017: [449708.8750927039]
20221018: [463116.9414118709]
20221019: [452867.28849591396]
20221020: [462554.4482321887]
20221021: [462582.6020604977]
20221022: [455020.7518808361]
20221023: [453067.8204884707]
20221024: [456643.7478149005]
20221025: [444565.91520559165]
20221026: [459696.22361927456]
20221027: [461939.7868807418]
20221028: [465705.144757093]
20221029: [447132.2154337807]
20221030: [462243.55631592474]
20221031: [461589.43023057387]
20221101: [463788.2678998154]
20221102: [455855.8306541324]
20221103: [457666.16163436073]
20221104: [453083.39259971824]
20221105: [376690.70725972357]
20221106: [378476.2072534441]
20221107: [380149.85401789006]
20221108: [380268.37359904376]
20221109: [372382.87778538896]
20221110: [375505.87458843866]
20221111: [376237.1148238082]
20221112: [371740.6042192759]
20221113: [373843.85144097614]
20221114: [376210.1876695816]
20221115: [369285.7226709813]
20221116: [374491.7611073911]
20221117: [374597.87518020347]
20221118: [375049.53113255074]
20221119: [360910.55643254303]
20221120: [356135.51026318315]
20221121: [370653.6834129505]
20221122: [366180.7887721635]
20221123: [361803.80276788725]
