20250708: [11448411.422995055]
20250709: [10954225.542483266]
20250710: [11011726.394595025]
20250711: [11196342.16744441]
20250712: [11052818.729594437]
20250713: [10748114.242050095]
20250714: [11884798.949265128]
20250715: [11663315.398064086]
20250716: [11474941.229766192]
20250717: [11073570.05598048]
20250718: [11443918.286930729]
20250719: [8757789.73304302]
20250720: [10967239.566994034]
20250721: [11677643.542866832]
20250722: [11304396.678939536]
20250723: [11334925.318210876]
20250724: [11741205.361318583]
20250725: [11210900.469320798]
20250726: [11797041.397902321]
20250727: [11867822.429807078]
20250728: [10538456.895388963]
20250729: [10731771.606792103]
20250730: [9959098.84346974]
20250731: [10981327.39078335]
20250801: [11928827.881612571]
20250802: [11845110.901684955]
20250803: [11706402.231116604]
20250804: [10989044.183994235]
20250805: [11419964.981910035]
20250806: [12093044.336587993]
20250807: [11594579.023525052]
20250808: [10851831.634168591]
20250809: [11904007.480173025]
20250810: [11840957.447914302]
20250811: [11269077.335009625]
20250812: [11482321.125782808]
20250813: [11634830.604562247]
20250814: [11679580.187772315]
20250815: [11671727.375257079]
20250816: [11075343.587696299]
20250817: [10833911.493162755]
20250818: [11360508.569878327]
20250819: [11631003.239907017]
20250820: [11784657.438260352]
20250821: [11527522.532568334]
20250822: [11328984.122321993]
20250823: [11693357.15706536]
20250824: [11741785.25218478]
20250825: [11396301.767122352]
20250826: [10012050.372743696]
20250827: [9840415.769832237]
20250828: [11336971.91598988]
20250829: [11565950.496612933]
20250830: [11371915.173001943]
20250831: [10556138.310897408]
20250901: [9324178.254090957]
20250902: [9883000.645466747]
20250903: [11211582.741563777]
20250904: [11748355.694640199]
20250905: [11507925.309633592]
20250906: [10949014.895809002]
20250907: [11224521.860381959]
20250908: [9212204.55247488]
20250909: [10906805.148251088]
20250910: [11067566.759722134]
20250911: [11663672.563161464]
20250912: [11948206.16312652]
20250913: [11566802.140901048]
20250914: [11498916.48942467]
20250915: [10686781.079471027]
20250916: [11613137.045191782]
20250917: [10292165.837450955]
20250918: [11201606.227364222]
20250919: [11122264.263323778]
20250920: [11202445.58058154]
20250921: [11590131.994284328]
20250922: [11495869.855643334]
20250923: [11770944.208054725]
20250924: [11597303.180092188]
20250926: [10901986.895444717]
20250927: [11395074.987530874]
20250928: [10979390.320841271]
20250929: [11218356.5878518]
20250930: [11391992.89261492]
20251001: [11357661.735439496]
20251002: [11801225.353282945]
20251003: [11247763.149578849]
20251004: [11700089.991506835]
20251005: [11680527.663816422]
20251006: [11701222.589191638]
20251007: [11553083.060310876]
20251008: [10859879.027952095]
20251009: [10575556.183509827]
20251010: [10106107.943618368]
20251011: [10140176.594812283]
20251012: [10688650.707263831]
20251013: [10934217.779515082]
20251014: [11172142.392251298]
20251015: [10996502.4467938]
20251016: [11510443.974835293]
20251017: [11022950.852305774]
20251018: [11170184.316950526]
20251019: [10924217.926655052]
