20250828: [11336971.91598988]
20250829: [11565950.496612933]
20250830: [11371915.173001943]
20250831: [10556138.310897408]
20250901: [9324178.254090957]
20250902: [9883000.645466747]
20250903: [11211582.741563777]
20250904: [11748355.694640199]
20250905: [11507925.309633592]
20250906: [10949014.895809002]
20250907: [11224521.860381959]
20250908: [9212204.55247488]
20250909: [10906805.148251088]
20250910: [11067566.759722134]
20250911: [11663672.563161464]
20250912: [11948206.16312652]
20250913: [11566802.140901048]
20250914: [11498916.48942467]
20250915: [10686781.079471027]
