20250708: [7458011.8704778245]
20250709: [7368778.277548981]
20250710: [8208390.6519108545]
20250711: [7449801.6082010195]
20250712: [7709433.165963058]
20250713: [7444126.3389485]
20250714: [7966932.047827963]
20250715: [8562818.60869385]
20250716: [8449739.522683902]
20250717: [8507862.061285656]
20250718: [7602349.39226687]
20250719: [8243959.771421244]
20250720: [8136703.8866427345]
20250721: [9084592.326894797]
20250722: [8681485.087458508]
20250723: [7371567.277825942]
20250724: [7949609.555616537]
20250725: [7769659.853183119]
20250726: [9007309.032247154]
20250727: [9224598.09314327]
20250728: [9027048.989495547]
20250729: [8466928.826288443]
20250730: [7792705.003710659]
20250731: [8741105.578660872]
20250801: [9730118.251980372]
20250802: [9968050.355251865]
20250803: [9690247.909882253]
20250804: [10058088.922481578]
20250805: [9619424.945659356]
20250806: [9782702.884629259]
20250807: [9609565.432423184]
20250808: [8934331.095115747]
20250809: [9253478.316860572]
20250810: [9241125.19405859]
20250811: [9098367.022707356]
20250812: [9927703.239879817]
20250813: [9035971.085242078]
20250814: [9093430.034167072]
20250815: [8893109.496591618]
20250816: [8391630.462839682]
20250817: [8432057.287870483]
20250818: [8604606.620693296]
20250819: [9446167.68382941]
20250820: [9100102.059895571]
20250821: [8342212.910462101]
20250822: [8057109.859257021]
20250823: [8520312.03716914]
20250824: [8680395.278741134]
20250825: [8633723.657310031]
20250826: [7550819.372088658]
20250827: [7892145.313853084]
20250828: [8412221.38502102]
20250829: [8960854.060088806]
20250830: [8337126.851376698]
20250831: [8297464.595469003]
20250901: [8153681.3367824145]
20250902: [8174287.9841998005]
20250903: [7501925.063117595]
20250904: [8891631.630492136]
20250905: [9070560.582661636]
20250906: [8785061.081920234]
20250907: [9073270.230579136]
20250908: [9323313.273087546]
20250909: [8952267.837883484]
20250910: [8939064.389484758]
20250911: [8877834.66979695]
20250912: [9074761.273646722]
20250913: [8099113.735746732]
20250914: [8618062.70451149]
20250915: [8964187.529178003]
20250916: [8847586.952855809]
20250917: [8832015.109631566]
20250918: [8432810.449942566]
20250919: [9034982.701009417]
20250920: [8860525.999991607]
20250921: [8686292.427323734]
20250922: [8596686.257499449]
20250923: [8526997.570709955]
20250924: [8671580.099303588]
20250926: [8912813.08078043]
20250927: [8846669.582833124]
