20250728: [8590688.64849499]
20250729: [8659560.63503059]
20250730: [8712651.34668352]
20250731: [8956871.444530077]
20250801: [10284791.11791181]
20250802: [10065919.568761662]
20250803: [10222122.418761339]
20250804: [10359388.271707362]
20250805: [10028220.419034949]
20250806: [10407917.77422811]
20250807: [9759339.310567705]
20250808: [9192632.996663352]
20250809: [9683986.8565283]
20250810: [9629968.587543083]
20250811: [9280951.492224421]
20250812: [10423014.641994307]
20250813: [9883712.277220737]
20250814: [9650494.900839413]
20250815: [9013480.040620962]
20250816: [9252991.231964126]
20250817: [9316323.969136126]
20250818: [9335615.021252388]
20250819: [10004017.823709624]
20250820: [9911908.180934513]
20250821: [8837797.274737393]
20250822: [9224171.595868668]
20250823: [8683765.62588604]
20250824: [8588224.622435475]
20250825: [8878801.386251511]
20250826: [7857031.328343993]
20250827: [8646677.55723363]
20250828: [9286457.376651056]
20250829: [9865875.5341738]
20250830: [8478888.476113059]
20250831: [8691712.489179365]
20250901: [8613916.3018392]
20250902: [8753459.807864951]
20250903: [6888917.933045806]
20250904: [9461577.555086777]
20250905: [9305374.262854036]
20250906: [9554748.870295202]
20250907: [9495680.49109528]
20250908: [9069168.343331201]
20250909: [9214886.12868028]
20250910: [9147488.167045582]
20250911: [9397723.925500585]
20250912: [9570559.816628126]
20250913: [9080275.971586147]
20250914: [8394861.59789804]
20250915: [8841250.743078705]
20250916: [9447862.47585791]
20250917: [8789965.547841342]
