20250827: [8646677.55723363]
20250828: [9286457.376651056]
20250829: [9865875.5341738]
20250830: [8478888.476113059]
20250831: [8691712.489179365]
20250901: [8613916.3018392]
20250902: [8753459.807864951]
20250903: [6888917.933045806]
20250904: [9461577.555086777]
20250905: [9305374.262854036]
20250906: [9554748.870295202]
20250907: [9495680.49109528]
20250908: [9069168.343331201]
20250909: [9214886.12868028]
20250910: [9147488.167045582]
20250911: [9397723.925500585]
20250912: [9570559.816628126]
20250913: [9080275.971586147]
20250914: [8394861.59789804]
20250915: [8841250.743078705]
