20250816: [8391630.462839682]
20250817: [8432057.287870483]
20250818: [8604606.620693296]
20250819: [9446167.68382941]
20250820: [9100102.059895571]
20250821: [8342212.910462101]
20250822: [8057109.859257021]
20250823: [8520312.03716914]
20250824: [8680395.278741134]
20250825: [8633723.657310031]
20250826: [7550819.372088658]
20250827: [7892145.313853084]
20250828: [8412221.38502102]
20250829: [8960854.060088806]
20250830: [8337126.851376698]
20250831: [8297464.595469003]
20250901: [8153681.3367824145]
20250902: [8174287.9841998005]
20250903: [7501925.063117595]
20250904: [8891631.630492136]
20250905: [9070560.582661636]
20250906: [8785061.081920234]
20250907: [9073270.230579136]
20250908: [9323313.273087546]
20250909: [8952267.837883484]
20250910: [8939064.389484758]
20250911: [8877834.66979695]
20250912: [9074761.273646722]
20250913: [8099113.735746732]
20250914: [8618062.70451149]
20250915: [8964187.529178003]
