20221009: [10538099.99106923]
20221010: [10485514.773735143]
20221011: [9776972.445970478]
20221012: [10316605.692750812]
20221013: [10097531.382183159]
20221014: [6529459.48531068]
20221015: [10288685.828644983]
20221016: [10095154.350410458]
20221017: [10417183.07681452]
20221018: [10293535.661260944]
20221019: [10546306.259050846]
20221020: [9676852.166917121]
20221021: [10656403.101923922]
20221022: [9711689.951026218]
20221023: [10522413.28488059]
20221024: [10504203.94236812]
20221025: [10027465.093017051]
20221026: [10476262.064836096]
20221027: [8696550.527160054]
20221028: [9741895.667192565]
20221029: [9869939.611029917]
20221030: [9955197.513569081]
20221031: [10385205.08380249]
20221101: [10524996.951806774]
20221102: [10323685.478739155]
20221103: [10677275.074750094]
20221104: [10020577.488773093]
20221105: [10157502.849606248]
20221106: [10432946.120334396]
20221107: [10227667.695957493]
20221108: [10342554.95190136]
20221109: [10432249.767582344]
20221110: [9917817.67318606]
20221111: [10521671.247226777]
20221112: [10582460.84983793]
20221113: [10565432.393701807]
