20230307: [6994532.167901863]
20230308: [7518478.370994786]
20230309: [7419820.263055431]
20230310: [7688352.232063665]
20230311: [7761300.8708511125]
20230312: [7418993.099349697]
20230313: [7071819.66211683]
20230315: [6519964.034745891]
20230316: [6590864.381105414]
20230317: [6663282.822132383]
20230318: [6414901.415714815]
20230319: [6538184.006419306]
20230320: [6334322.574676487]
20230321: [6377539.387916425]
20230322: [6536814.331641381]
20230323: [6418411.797873437]
20230324: [6774653.55283728]
20230325: [6187671.296975585]
20230326: [6394598.068624821]
20230327: [6428241.820474589]
20230328: [5918601.176196089]
20230329: [6487466.563808146]
20230401: [6563523.63558051]
20230402: [6543892.375903954]
20230403: [6455749.477240171]
20230404: [6659390.91942937]
20230405: [6408951.277164607]
20230406: [6578873.695055867]
20230408: [7001751.372247347]
20230409: [6390391.707420979]
20230410: [6699382.954080894]
20230411: [6998721.661126107]
20230412: [6952209.427914109]
20230413: [5909799.3365605995]
20230414: [6554263.988933]
20230415: [6407371.232047194]
20230416: [6922871.431569179]
20230417: [6577487.138083479]
20230418: [6727569.5671703685]
20230419: [6601061.875954726]
20230420: [7102098.105727198]
20230421: [6947693.214753009]
20230422: [7052568.176131637]
20230423: [6502594.579217232]
20230424: [6550929.202211049]
20230425: [6680264.731020172]
20230426: [5314236.43838005]
20230427: [6696979.435065093]
20230428: [6626688.707988013]
20230429: [6604605.8396068]
20230430: [6539287.903914373]
20230501: [6997255.335699256]
20230502: [6793159.676555555]
20230503: [6777669.524190016]
20230504: [6622599.927097289]
20230505: [6370424.270728226]
20230506: [6579076.3965089405]
20230507: [6705704.978599239]
20230508: [6909103.916936283]
20230509: [6753942.303782366]
20230510: [6603133.881964924]
20230511: [6977669.635993583]
20230512: [6338416.766546069]
20230513: [6765043.732095836]
20230514: [6499827.167346367]
20230515: [6825104.2422237545]
20230517: [6380277.841670724]
20230518: [6477444.131113733]
20230519: [6494990.402221381]
20230520: [6538522.959160706]
20230521: [6638353.885326841]
20230522: [6507644.211342305]
20230523: [6567257.248238647]
20230524: [6871674.770991921]
20230525: [6502392.626194885]
20230526: [6421285.820861289]
20230527: [6719636.339461324]
20230528: [6467050.65403149]
20230529: [7026980.845123495]
20230530: [6427274.23420532]
20230531: [6424018.494884591]
20230601: [6297756.524092878]
20230602: [6581857.314667585]
20230603: [6581921.108532723]
20230604: [6525547.692476597]
20230605: [6646904.598024896]
20230606: [6222289.017057031]
20230607: [7180132.645370674]
20230608: [6624666.121997227]
20230609: [6366159.858280821]
20230610: [6899241.972665219]
20230611: [6715148.994713225]
20230612: [6618451.778767379]
20230613: [6495922.650975316]
20230614: [6435597.399598479]
20230615: [6646007.938964257]
20230616: [6761562.160185949]
20230617: [6402754.474519653]
20230618: [6787105.50288872]
20230619: [6984734.779242012]
20230620: [6765882.424226496]
20230621: [5845452.198660938]
20230622: [6405393.95287769]
20230623: [6502909.593482327]
20230624: [6672102.0200160425]
20230625: [6561213.147066816]
20230626: [6846885.771124067]
20230627: [6743439.066626065]
20230628: [6358616.094392898]
20230629: [5897258.565732371]
20230630: [6501545.139162311]
20230701: [6349856.836323892]
20230702: [6464501.734356992]
20230703: [6566457.294919324]
20230704: [6553817.233867135]
20230705: [6735342.146695395]
20230706: [6611101.220351774]
20230707: [6579916.842740318]
20230708: [6637705.927237623]
20230709: [7280795.0462252805]
20230710: [6235576.647144832]
20230711: [6580171.216531462]
20230712: [6389606.546485357]
20230713: [6053647.104669591]
20230714: [6040627.847977299]
20230715: [6860369.3020980535]
20230716: [6882335.603006912]
20230717: [6733467.6307941135]
20230718: [6089023.707227477]
20230719: [5804186.934221928]
20230720: [5968176.501232328]
20230721: [5892845.654415687]
20230722: [6015405.841976198]
20230723: [6108395.18684035]
20230724: [6024408.840621019]
20230725: [5449396.8404321475]
20230726: [6061403.629448793]
20230727: [5948222.696764389]
20230728: [5976923.771872206]
20230729: [6032697.384521059]
20230730: [6065455.836114291]
20230731: [6048763.960012728]
20230801: [6714068.588758213]
20230802: [6196773.703331893]
20230803: [6500952.692229741]
20230804: [6143093.243217647]
20230805: [6246698.854131743]
20230806: [6614284.444967034]
20230807: [6592680.949118495]
20230808: [6302160.8479545545]
20230809: [5988699.262147405]
20230810: [5838743.227889918]
20230811: [6449213.150362977]
20230812: [6464870.027156012]
20230813: [6174163.321137534]
20230814: [6136833.517325751]
20230815: [6290050.714216606]
20230816: [5838829.979794114]
20230817: [6802237.229095395]
20230818: [5947125.4510641685]
20230819: [6058472.288960226]
20230820: [6097769.83328204]
20230821: [6172722.193649005]
20230822: [6072281.963689429]
20230823: [6130922.967048546]
20230824: [6300149.788338586]
20230825: [6110465.457231643]
20230826: [5998189.798173179]
20230827: [6123436.799669652]
20230828: [6072613.434285265]
20230829: [6143889.834006635]
20230830: [6140751.17195115]
20230831: [6820377.515158149]
20230901: [6039403.998408559]
20230902: [6199794.102716719]
20230903: [6147194.539026086]
20230904: [6108477.753875346]
20230905: [6552651.937169369]
20230906: [6012923.97340103]
20230907: [5948992.630223775]
20230908: [6193012.406990483]
20230909: [6080258.322183009]
20230910: [6068393.242637958]
20230911: [6132132.1754304925]
20230912: [5887820.351204903]
20230913: [6140241.741723708]
20230914: [6313140.688828954]
20230915: [5930502.924082852]
20230916: [6174336.636344107]
20230917: [5919535.743002326]
20230918: [6151073.650225618]
20230919: [6194057.10149021]
20230920: [6133138.656526076]
20230921: [6027594.078296043]
20230922: [5834683.981110844]
20230923: [5867440.571076615]
20230924: [6162502.6117779305]
20230925: [6834408.625347569]
20230926: [6748072.299094422]
20230927: [6349055.84991944]
20230928: [6091832.007369613]
20230929: [6157610.615786625]
20230930: [6535089.8022107575]
20231001: [6071042.349094403]
20231002: [6156320.673044966]
20231003: [5644008.166849579]
20231004: [6171828.93450236]
20231005: [6207381.276066515]
20231006: [6673488.034026315]
20231007: [5818166.223152704]
20231008: [6080775.352605257]
20231009: [6863360.558988982]
20231010: [6139808.416238422]
20231011: [6094322.451729032]
20231012: [6332564.435712342]
20231013: [6342047.678693252]
20231014: [6545150.1355393315]
20231015: [6339023.637184455]
20231016: [6549402.982884231]
20231017: [6264820.381987343]
20231018: [6267346.107089723]
20231019: [6461318.977534886]
20231020: [6238261.056456611]
20231021: [6340792.043385414]
20231022: [6983530.107964626]
20231023: [6705561.59735506]
20231024: [6661817.506308926]
20231025: [6783214.230590803]
20231026: [6639147.013951411]
20231027: [6117122.338353576]
20231028: [6584338.083210667]
20231029: [6530956.189507451]
20231030: [6951839.113356692]
20231031: [6440464.678931159]
20231101: [6808227.342472757]
20231102: [6300465.641255802]
20231103: [5207927.954457835]
20231104: [6513102.685106245]
20231105: [6444707.313366897]
20231106: [6984251.335936736]
20231107: [6433096.937995888]
20231108: [6729541.164784616]
20231109: [6241384.130110091]
20231110: [7022285.434208726]
20231111: [6419926.247564844]
20231112: [7077538.487788066]
20231113: [6484454.908493454]
20231114: [6206206.241939096]
20231115: [6552886.397710523]
20231116: [7100181.043045643]
20231117: [7028640.365832732]
20231118: [7010164.992778426]
20231119: [7059882.17939957]
20231120: [6247925.643054998]
20231121: [6576804.541597013]
20231122: [6435629.781380936]
20231123: [7097260.034943187]
20231124: [6941922.115236681]
20231125: [6531560.609829358]
20231126: [6498502.533136332]
20231127: [7004162.191338967]
20231128: [6536675.41982407]
20231129: [6618022.386564949]
20231130: [7110852.9808594035]
20231201: [6330968.704003747]
20231202: [6505662.93819547]
20231203: [6474929.564623333]
20231204: [6536235.136691667]
20231205: [6589611.615130271]
20231206: [6470942.589963599]
20231207: [6241408.993797691]
20231208: [6423303.27765753]
20231209: [6348751.2011075085]
20231210: [6619383.410312866]
20231211: [6164283.422767066]
20231212: [6024546.250281285]
20231213: [6048188.164788337]
20231214: [6133230.926525934]
20231215: [5994844.631642962]
20231216: [5765187.837670708]
20231217: [6126096.453086428]
20231218: [6132816.401846735]
20231219: [6085992.687758958]
20231220: [6057512.856969136]
20231221: [5980286.636313895]
20231222: [6535551.741185432]
20231223: [6665812.209088141]
20231224: [6065531.064602039]
20231225: [6521708.874122975]
20231226: [5738876.258462136]
20231227: [6507929.92779446]
20231228: [5968311.93820109]
20231229: [6022048.087537617]
20231230: [6094623.258628417]
20231231: [6125648.029918165]
20240101: [6082132.192136076]
20240102: [6088377.873606]
20240103: [6063191.148080997]
20240104: [6631696.309894702]
20240105: [6089099.5529870195]
20240106: [6415604.694387188]
20240107: [6138374.5980465105]
20240108: [6003411.384822448]
20240109: [6143292.412188831]
20240110: [6544836.1348401]
20240111: [6006477.619387707]
20240112: [6655591.304601894]
20240113: [6000013.77010153]
20240114: [6394883.608808079]
20240115: [6578702.549749305]
20240116: [6090960.553263323]
20240117: [6066232.963472333]
20240118: [6536553.15531509]
20240119: [6082037.6067452375]
20240120: [6084560.872346152]
20240121: [6368244.313250381]
20240122: [6595541.961808297]
20240123: [6005742.234202748]
20240124: [6158868.972426118]
20240125: [6061779.792859301]
20240126: [5933018.634657416]
20240127: [6537860.114576668]
20240128: [6135570.360019157]
20240129: [6295999.933516471]
20240131: [6126201.583654614]
20240202: [5990619.8397417255]
20240203: [6046493.368996037]
20240204: [6051150.16587449]
20240205: [5914156.846865974]
20240206: [5931171.424282112]
20240207: [5529652.7578178095]
20240208: [6044126.340880377]
20240209: [5798504.137989418]
20240210: [6036275.353766399]
20240211: [6076070.569310186]
20240212: [6060017.419063637]
20240213: [6017791.835816029]
20240214: [6056265.313161359]
20240215: [6124757.765114841]
20240216: [6084397.488784337]
20240222: [6145770.266754832]
20240223: [6117368.843422791]
20240224: [6069739.423235646]
20240225: [6036436.477871322]
20240226: [5977873.343650212]
20240227: [6113803.709867923]
20240228: [6003379.278306575]
20240229: [5751220.379089723]
20240301: [6071036.46786529]
20240302: [6049182.955824151]
20240303: [5889511.226011294]
20240304: [6072555.090043076]
20240305: [5811657.377516715]
20240306: [6009430.621612858]
20240307: [6075640.85895091]
20240308: [5232834.682099534]
20240309: [6104612.29252417]
20240310: [6121138.664167253]
20240311: [6047119.860280797]
20240312: [6054790.146978737]
20240313: [6013244.645296942]
20240314: [5823162.42954957]
20240315: [5667095.517251178]
20240316: [6048120.872087935]
20240317: [6082914.773443577]
20240318: [5989190.192160212]
20240319: [6060567.996975971]
20240320: [5946247.918482414]
20240321: [6112691.054503188]
20240322: [6185132.8891368285]
20240323: [6038090.657800904]
20240324: [6050174.1338363895]
20240325: [5628369.775854165]
20240326: [6020137.80725062]
20240327: [6016424.467978382]
20240328: [6150719.213298606]
20240329: [6004717.045237219]
20240330: [6052900.543793813]
20240331: [6067197.354074946]
20240401: [5905278.285074403]
20240402: [6161865.764991776]
20240403: [5924332.301285485]
20240404: [5934794.1481837435]
20240405: [6059081.84452259]
20240406: [5994921.371017552]
20240407: [5752193.915294998]
20240408: [6112713.331654893]
20240409: [5854116.806302417]
20240410: [5792059.286166811]
20240411: [5533603.713554014]
20240412: [5986256.481860786]
20240413: [6076946.4947410505]
20240414: [5814543.953496796]
20240415: [5683344.579280997]
20240416: [6156696.524952928]
20240417: [6021743.693608342]
20240418: [6114564.770137367]
20240419: [6007401.169001147]
20240420: [6014355.006597791]
20240421: [6089538.597492332]
20240422: [6107722.281553509]
20240424: [5974288.957201747]
20240425: [6116143.217243117]
20240427: [5967050.140030066]
20240428: [6044498.407743619]
20240430: [6060148.8762042085]
20240501: [6051644.425086048]
20240502: [6008778.260924018]
20240503: [5994049.079508017]
20240504: [6022144.171814416]
20240505: [5999744.899241598]
20240506: [6173200.010336368]
20240507: [6094044.037735448]
20240508: [6024068.3264878355]
20240509: [6135501.59163123]
20240510: [5987370.536148007]
20240511: [6204149.870105058]
20240512: [6002104.662759961]
20240513: [6074892.48985002]
20240514: [5828057.949203644]
20240515: [5206183.919456918]
20240516: [6004693.567067295]
20240517: [6003836.34504304]
20240518: [5757006.186007217]
20240519: [5977628.307282234]
20240520: [6209781.652756444]
20240521: [5714065.171420644]
20240522: [6032548.051121002]
20240523: [6090025.745960669]
20240524: [6041616.592451168]
20240525: [6037120.2028600285]
20240526: [5930142.559926938]
20240527: [6019660.61073515]
20240528: [6118160.188129089]
20240529: [6026614.450490336]
20240530: [5987254.197180792]
20240531: [6009628.29539579]
20240601: [6010164.815171038]
20240602: [6006423.7421991415]
20240603: [5973987.7656472465]
20240605: [6146191.273432183]
20240606: [6029194.336504277]
20240607: [5932024.596249751]
20240608: [5985940.050054268]
20240609: [5986767.545566022]
20240610: [6032335.406702205]
20240611: [6053982.995121705]
20240612: [5895682.247642082]
20240613: [6106445.606439357]
20240614: [6009633.699472763]
20240615: [6071752.722892941]
20240616: [6079338.843723877]
20240617: [6003265.13018089]
20240618: [6126439.991815071]
20240619: [5353750.749329292]
20240620: [5443363.195066839]
20240621: [5442296.717827355]
20240622: [5477610.163227037]
20240623: [5450544.254587934]
20240624: [5546857.581938159]
20240625: [5435002.930579269]
20240626: [5347670.794849276]
20240627: [5576919.959710551]
20240628: [5491747.43778047]
20240629: [5472853.58323437]
20240630: [5397066.1330129905]
20240701: [5473917.550752787]
20240702: [5507997.409834476]
20240703: [5492877.057784503]
20240704: [5465522.778287832]
20240705: [5211682.862356719]
20240706: [5494302.290943986]
20240707: [5525008.087538727]
20240708: [5255493.048593291]
20240709: [5567198.599084019]
20240710: [5498756.920090112]
20240711: [5574056.323164323]
20240712: [5416975.162055065]
20240713: [5549030.820327794]
20240714: [5442256.478137482]
20240715: [5281052.275740978]
20240716: [5583482.937293086]
20240717: [5497770.77799297]
20240718: [5512656.551926335]
20240719: [5317948.379828908]
20240720: [5521623.502653614]
20240721: [5488299.774659408]
20240722: [5495090.604638318]
20240723: [5438152.490798078]
20240724: [5437812.919079839]
20240725: [5509950.025302826]
20240726: [5490684.577220401]
20240727: [5192815.2621737]
20240728: [5525001.544664551]
20240729: [5487245.680345133]
20240730: [5408894.52213556]
20240731: [5487456.216053051]
20240801: [5259548.048358443]
20240802: [5591994.64938254]
20240803: [5253509.984509562]
20240804: [5420872.598183173]
20240805: [5375585.127248831]
20240806: [5543288.043190835]
20240807: [5466965.640612435]
20240808: [5408018.900745645]
20240809: [5466188.47211883]
20240810: [5463459.084042444]
20240811: [5438343.478143354]
20240812: [5481210.357368002]
20240813: [5518217.223451472]
20240814: [5496142.004396785]
20240815: [5544835.5155935185]
20240816: [4995925.840115315]
20240817: [5538420.814416476]
20240818: [5456256.71875801]
20240819: [5414089.239990139]
20240820: [5472130.442761892]
20240821: [5299766.829378741]
20240822: [5431881.883674291]
20240823: [5316637.722040574]
20240824: [5467165.044639299]
20240825: [5329917.04655807]
20240826: [5407212.156470356]
20240827: [5485733.9415962575]
20240828: [5341033.221106531]
20240829: [5509305.532045396]
20240830: [5380948.89989928]
20240831: [5412930.284004713]
20240901: [5252687.650130171]
20240902: [5402050.625982361]
20240903: [5336051.5993169565]
20240904: [5373956.613979962]
20240905: [5329283.361479154]
20240906: [5412650.63260963]
20240907: [5073290.129393225]
20240908: [5241839.728580818]
20240909: [5373407.246680151]
20240910: [5352227.49295913]
20240911: [5422880.122359625]
20240912: [5387070.1990729375]
20240913: [5425103.829299181]
20240914: [5420078.993644601]
20240915: [5380614.559223694]
20240916: [5437139.847507055]
20240917: [5388223.491863965]
20240918: [4864866.0989458235]
20240919: [5417202.102977485]
20240920: [5395718.603506538]
20240921: [5431811.21321141]
20240922: [5292778.313642972]
20240923: [5267662.599213869]
20240924: [5283052.194748873]
20240925: [5345162.866888322]
20240926: [5403853.427513093]
20240927: [5337999.161542052]
20240928: [5334290.049091922]
20240929: [5407245.390836696]
20240930: [5345705.591069377]
20241001: [5403880.401684909]
20241002: [5397781.101203386]
20241003: [5385031.16741855]
20241004: [5357443.617033656]
20241005: [5372622.3904020535]
20241006: [5364470.593668845]
20241007: [5432053.747294871]
20241008: [5351433.524187603]
20241009: [5346085.200243928]
20241010: [5322314.425319771]
20241011: [5408799.320859522]
