20250902: [5300412.086750431]
20250903: [5110499.688062005]
20250904: [5124695.655888216]
20250905: [4897856.430748086]
20250906: [5037285.38602411]
20250907: [5166482.320281967]
20250908: [5108142.84702266]
20250909: [5253938.7843481125]
20250910: [4931792.325055493]
20250911: [5212783.910642159]
20250912: [5251197.09193313]
20250913: [5238162.767574781]
20250914: [5181148.792037024]
20250915: [5148727.176999124]
