20230307: [0.19785531788051697]
20230308: [0.20374737099499537]
20230309: [0.1998407885226559]
20230310: [0.19874433132726807]
20230311: [0.19884787236493717]
20230312: [0.2027884053856258]
20230313: [0.197087937506811]
20230315: [0.19542395841345234]
20230316: [0.19460156923269264]
20230317: [0.199029362578366]
20230318: [0.1943241056198689]
20230319: [0.2007213930077985]
20230320: [0.1981587897705428]
20230321: [0.18761895182258106]
20230322: [0.18204408919906803]
20230323: [0.201667764054246]
20230324: [0.19997523590668767]
20230325: [0.19521094547082674]
20230326: [0.19979543548714135]
20230327: [0.1973058286866657]
20230328: [0.19537704234789044]
20230329: [0.1993686969874957]
20230401: [0.19972582860347943]
20230402: [0.1992887714942826]
20230403: [0.19353217060827466]
20230404: [0.19723666621678837]
20230405: [0.19764117807346024]
20230406: [0.1974885460231886]
20230408: [0.19888315838290513]
20230409: [0.19717557600914049]
20230410: [0.19859047818704667]
20230411: [0.19983672772078317]
20230412: [0.1991701977266899]
20230413: [0.1974239522154601]
