20250731: [0.15167591260664945]
20250801: [0.18614742980968457]
20250802: [0.18767271743460898]
20250803: [0.1853327771916488]
20250804: [0.18720789439958682]
20250805: [0.18083179925806436]
20250806: [0.1836904807457171]
20250807: [0.16273488082333715]
20250808: [0.18171508059264133]
20250809: [0.18364961444803227]
20250810: [0.18395848932325357]
20250811: [0.17968194033905435]
20250812: [0.18144127730619225]
20250813: [0.1842741853311726]
20250814: [0.18586848887664048]
20250815: [0.183023139164838]
20250816: [0.18705093275814935]
20250817: [0.18384275066706132]
20250818: [0.18596979538008562]
20250819: [0.1835051319665838]
20250820: [0.1839409383455651]
20250821: [0.18407008611577683]
20250822: [0.17577660310343785]
20250823: [0.17435592630126417]
20250824: [0.16959074183540865]
20250825: [0.17083341639864857]
20250826: [0.184343257250214]
20250827: [0.16753855868397174]
20250828: [0.1815672586523542]
20250829: [0.1611888655640557]
20250830: [0.18289663328249908]
20250831: [0.18179077791087309]
20250901: [0.18137070012812104]
20250902: [0.17407896315226942]
20250903: [0.17607680252754748]
20250904: [0.15954521884243747]
20250905: [0.1594380665480316]
20250906: [0.15596951351224292]
20250907: [0.15652159850979586]
20250908: [0.17237475663794044]
20250909: [0.1623232459034167]
20250910: [0.1663790674701477]
20250911: [0.16462454007980337]
20250912: [0.16570741676949663]
20250913: [0.1714480898778393]
20250914: [0.16892801069017505]
20250915: [0.16688256134663848]
20250916: [0.16472532454632685]
