20230307: [0.2413606182018351]
20230308: [0.24825267681804875]
20230309: [0.24606713603757158]
20230310: [0.24921961177353585]
20230311: [0.24985564590670103]
20230312: [0.2542958638849836]
20230313: [0.2542354307084246]
20230315: [0.24938277923601004]
20230316: [0.2380657102421126]
20230317: [0.24872149732980223]
20230318: [0.25185256906844955]
20230319: [0.2561114650921509]
20230320: [0.2426509607182418]
20230321: [0.23413378861106948]
