20250808: [9231833.875705436]
20250809: [10050340.068258274]
20250810: [9881638.634823939]
20250811: [9566708.997140756]
20250812: [9300333.937851274]
20250813: [10461367.117356539]
20250814: [9619461.71029049]
20250815: [10257513.535381714]
20250816: [9825544.863105906]
20250817: [9914755.920286153]
20250818: [10404165.219064226]
20250819: [10067625.499788318]
20250820: [10147060.261869576]
20250821: [10667990.331416225]
20250822: [10337300.345969882]
20250823: [10141893.570350964]
20250824: [10231184.284984894]
20250825: [10137289.601050846]
20250826: [9425024.81558424]
20250827: [9130508.568115758]
20250828: [10226754.02913685]
20250829: [8714462.87285561]
20250830: [9253509.141631162]
20250831: [9923110.841517907]
20250901: [9739124.311714461]
20250902: [10347569.275265658]
20250903: [9378357.209485855]
20250904: [10280470.456656512]
20250905: [10623034.168448677]
20250906: [9895240.6019622]
20250907: [10012147.338117914]
20250908: [10732449.274279626]
20250909: [9000118.726338606]
20250910: [9281362.19548695]
20250911: [9031122.803818116]
20250912: [9191940.680889402]
20250913: [8958621.504514733]
20250914: [8553904.325097723]
20250915: [8788171.816560572]
20250916: [9773382.87853568]
