20250708: [8907664.546875197]
20250709: [9191552.04386464]
20250710: [9852445.106344812]
20250711: [9110296.003908105]
20250712: [8679414.032941084]
20250713: [8921390.39015609]
20250714: [9554510.233903771]
20250715: [10043710.703201974]
20250716: [9886807.988630753]
20250717: [9769961.275780482]
20250718: [9607878.18868468]
20250719: [9767187.903648227]
20250720: [10055343.615480402]
20250721: [9267447.326637719]
20250722: [9690431.61630417]
20250723: [9852142.495494409]
20250724: [9669919.61189432]
20250725: [9462855.382878667]
20250726: [10144403.703721585]
20250727: [10276262.718081845]
20250728: [9288061.79806543]
20250729: [10151371.947962597]
20250730: [9363766.543623457]
20250731: [10070672.836173153]
20250801: [9521477.095711041]
20250802: [9958593.848550163]
20250803: [9873399.539696839]
20250804: [9930442.782822115]
20250805: [8974896.794831848]
20250806: [9435123.175366724]
20250807: [10185202.080287002]
20250808: [9231833.875705436]
20250809: [10050340.068258274]
20250810: [9881638.634823939]
20250811: [9566708.997140756]
20250812: [9300333.937851274]
20250813: [10461367.117356539]
20250814: [9619461.71029049]
20250815: [10257513.535381714]
20250816: [9825544.863105906]
20250817: [9914755.920286153]
20250818: [10404165.219064226]
20250819: [10067625.499788318]
20250820: [10147060.261869576]
20250821: [10667990.331416225]
20250822: [10337300.345969882]
20250823: [10141893.570350964]
20250824: [10231184.284984894]
20250825: [10137289.601050846]
20250826: [9425024.81558424]
20250827: [9130508.568115758]
20250828: [10226754.02913685]
20250829: [8714462.87285561]
20250830: [9253509.141631162]
20250831: [9923110.841517907]
20250901: [9739124.311714461]
20250902: [10347569.275265658]
20250903: [9378357.209485855]
20250904: [10280470.456656512]
20250905: [10623034.168448677]
20250906: [9895240.6019622]
20250907: [10012147.338117914]
20250908: [10732449.274279626]
20250909: [9000118.726338606]
20250910: [9281362.19548695]
20250911: [9031122.803818116]
20250912: [9191940.680889402]
20250913: [8958621.504514733]
20250914: [8553904.325097723]
20250915: [8788171.816560572]
20250916: [9773382.87853568]
20250917: [9719439.104798937]
20250918: [9023098.757549554]
20250919: [8755904.39865108]
20250920: [8930816.730099833]
20250921: [9395857.355636835]
20250922: [8799794.328734854]
20250923: [9950550.358039176]
20250924: [8973237.649699176]
20250926: [8472911.33533114]
20250927: [8847459.970922362]
20250928: [8621753.231282998]
20250929: [8397754.888602717]
20250930: [9016799.479883656]
20251001: [8579859.636624582]
20251002: [8435181.200026266]
20251003: [9531210.477706734]
20251004: [10177837.145050837]
20251005: [9261366.767125068]
20251006: [9034890.288083497]
20251007: [9573594.645147685]
20251008: [10386496.43155657]
20251009: [9434372.811506635]
20251010: [9638480.645174857]
20251011: [8958461.603091205]
20251012: [8368581.236093743]
20251013: [8936825.308181543]
20251014: [9645085.357244559]
20251015: [9535078.381330451]
20251016: [9887094.663181579]
20251017: [10223105.090871261]
20251018: [10284602.10929158]
20251019: [10171617.35290364]
20251020: [9764619.321377316]
20251021: [9794178.809888925]
20251022: [9535342.919241376]
20251023: [8626619.406372743]
20251024: [7763471.566673264]
20251025: [8853413.939147953]
20251026: [8822855.298764309]
