20250708: [5733098.93727203]
20250709: [5620513.431425444]
20250710: [5569308.04213379]
20250711: [5551864.153110743]
20250712: [5582040.294576551]
20250713: [5570948.642174415]
20250714: [5490739.908348358]
20250715: [5740181.328489177]
20250716: [5633806.878361901]
20250717: [5558638.553742602]
20250718: [5488849.039808586]
20250719: [5870851.470722954]
20250720: [6032911.929937344]
20250721: [5464205.295006322]
20250722: [4939769.527352784]
20250723: [5561272.529697076]
20250724: [5008311.468347358]
20250725: [5198921.504002245]
20250726: [5552565.00309503]
20250727: [5540587.512129774]
20250728: [5447522.71556965]
20250729: [5801500.285084201]
20250730: [5810967.039139072]
20250731: [5912845.41481377]
20250801: [6023637.711463309]
20250802: [5675907.2769292435]
20250803: [5616634.721777474]
20250804: [5638845.6986069875]
20250805: [5908653.86544927]
20250806: [5716949.073567075]
20250807: [5818008.083581074]
20250808: [5990798.8564562695]
20250809: [6066392.166043098]
20250810: [5998234.042396545]
20250811: [5381869.960539661]
20250812: [6114847.948712791]
20250813: [5867354.768452184]
20250814: [6387990.106112482]
20250815: [5860037.018682586]
20250816: [5938778.69275535]
20250817: [6064611.911533943]
20250818: [6371598.306400609]
20250819: [6011458.371241212]
20250820: [5989307.147208767]
20250821: [6451890.624832651]
20250822: [5869193.470585715]
20250823: [5434943.204499715]
20250824: [6088535.3416362805]
20250825: [5931326.632960847]
20250826: [6159054.463609758]
20250827: [6210203.568018671]
20250828: [5636609.132223839]
20250829: [5803355.005222474]
20250830: [5746558.6110852705]
20250831: [5911569.439072412]
20250901: [5919175.213942345]
20250902: [5932655.770653269]
20250903: [5495572.9261412155]
20250904: [5864257.937446605]
20250905: [5875598.766675913]
20250906: [5894364.211520604]
20250907: [5868374.316073515]
20250908: [6203748.234286668]
20250909: [5682377.436697456]
20250910: [5795204.790403417]
20250911: [5987470.567267533]
20250912: [6022324.080130097]
20250913: [5727323.694219071]
20250914: [5695909.683232636]
20250915: [5869109.492769497]
20250916: [5844525.687849127]
20250917: [5724185.482734473]
20250918: [5378927.834891695]
20250919: [5341596.379002981]
20250920: [5283275.353151629]
20250921: [5620674.531841575]
20250922: [5522677.288642276]
20250923: [5538513.107519601]
20250924: [5822027.734121886]
20250926: [5598769.683017679]
20250927: [5866487.878305451]
20250928: [5728654.203733267]
20250929: [5627340.469846881]
20250930: [5732353.113552462]
20251001: [5723008.262051801]
20251002: [5854624.635483012]
20251003: [5979302.78171736]
20251004: [5941446.222620951]
20251005: [5922781.998715064]
20251006: [5895481.237281484]
20251007: [5367005.493232139]
20251008: [5424894.576850563]
20251009: [5436167.076222181]
