20250826: [7477419.0906175235]
20250827: [7497758.968211162]
20250828: [6941684.1421031905]
20250829: [7827578.700259771]
20250830: [6623980.61135767]
20250831: [6740588.176125056]
20250901: [6255414.996583201]
20250902: [7474776.332645579]
20250903: [6907421.3684199]
20250904: [8013658.626230037]
20250905: [7947841.177111378]
20250906: [7606362.3538735]
20250907: [7506093.668677246]
20250908: [7535648.877239552]
20250909: [7021124.001154817]
20250910: [7078141.739120794]
20250911: [7460711.644605411]
20250912: [7195712.600368349]
20250913: [7656604.819942763]
20250914: [7422947.238998611]
20250915: [7388987.645067583]
