20250708: [6863343.928240218]
20250709: [7054173.716537208]
20250710: [6804136.190598459]
20250711: [6715599.62169138]
20250712: [6716742.244760698]
20250713: [6699383.57958367]
20250714: [7121431.672790813]
20250715: [7073488.976300715]
20250716: [6750300.942647325]
20250717: [6688268.742997723]
20250718: [6481834.415365937]
20250719: [7008036.020177363]
20250720: [6988020.837580801]
20250721: [6840556.3400479015]
20250722: [6599184.348334112]
20250723: [6023793.210739188]
20250724: [6158680.7762995185]
20250725: [6811474.062471054]
20250726: [7224363.615723187]
20250727: [7199476.013780003]
20250728: [7078682.692484063]
20250729: [7208630.010323462]
20250730: [6809818.109124705]
20250731: [7239417.879378529]
20250801: [7489301.612749177]
20250802: [7219797.846736996]
20250803: [6924942.754641577]
20250804: [7080832.039107605]
20250805: [7070980.776120157]
20250806: [7364598.803614659]
20250807: [7626302.406337909]
20250808: [7472648.547667939]
20250809: [7802644.600957682]
20250810: [7826393.907154032]
20250811: [7497647.317823035]
20250812: [7744346.858550019]
20250813: [7427978.383539013]
20250814: [8025713.912149325]
20250815: [7974759.360300999]
20250816: [7801199.3470567]
20250817: [7562789.354687479]
20250818: [8002784.714635371]
20250819: [7802582.427997321]
20250820: [7785344.389019158]
20250821: [7764351.884302044]
20250822: [7591414.643531002]
20250823: [7398942.982108071]
20250824: [7343631.312916874]
20250825: [7548099.6135200495]
20250826: [7477419.0906175235]
20250827: [7497758.968211162]
20250828: [6941684.1421031905]
20250829: [7827578.700259771]
20250830: [6623980.61135767]
20250831: [6740588.176125056]
20250901: [6255414.996583201]
20250902: [7474776.332645579]
20250903: [6907421.3684199]
20250904: [8013658.626230037]
20250905: [7947841.177111378]
20250906: [7606362.3538735]
20250907: [7506093.668677246]
20250908: [7535648.877239552]
20250909: [7021124.001154817]
20250910: [7078141.739120794]
20250911: [7460711.644605411]
20250912: [7195712.600368349]
20250913: [7656604.819942763]
20250914: [7422947.238998611]
20250915: [7388987.645067583]
20250916: [7380266.690550828]
20250917: [7538758.536612383]
20250918: [7606318.401413466]
20250919: [7183271.152094091]
20250920: [7071097.287562299]
20250921: [7073562.064452452]
20250922: [7155740.457266476]
20250923: [7204771.709240687]
20250924: [6833144.976339283]
20250926: [6476391.806559975]
20250927: [7045606.016020031]
20250928: [6847352.248062132]
20250929: [7638883.92812079]
20250930: [6935023.197412934]
20251001: [7474142.051978143]
20251002: [7233715.792887444]
20251003: [7679051.132401461]
20251004: [7311411.097428052]
20251005: [7499071.761859229]
20251006: [5987235.9744432205]
20251007: [6805149.775129038]
20251008: [6840365.581033139]
20251009: [7033419.96399293]
20251010: [7082892.750813894]
20251011: [6892341.934772521]
20251012: [6892566.843553681]
20251013: [6296343.529641704]
20251014: [7516028.916103888]
20251015: [7402347.267553557]
20251016: [7105080.292121833]
20251017: [7320602.529534408]
20251018: [7303164.794276042]
20251019: [7483615.614319898]
20251020: [7605237.239593618]
20251021: [7271224.958315448]
20251022: [7548438.979091887]
20251023: [7074520.513008009]
20251024: [7067964.206837345]
