20250904: [5864257.937446605]
20250905: [5875598.766675913]
20250906: [5894364.211520604]
20250907: [5868374.316073515]
20250908: [6203748.234286668]
20250909: [5682377.436697456]
20250910: [5795204.790403417]
20250911: [5987470.567267533]
20250912: [6022324.080130097]
20250913: [5727323.694219071]
20250914: [5695909.683232636]
20250915: [5869109.492769497]
