20230307: [23207387.619718112]
20230308: [23793104.905329287]
20230309: [23479155.561918214]
20230310: [24114380.56494093]
20230311: [26113364.354007114]
20230312: [23478301.509368353]
20230313: [24445869.364998583]
20230315: [21996684.190501276]
20230316: [23209793.12591695]
20230317: [24976245.072379336]
20230318: [23252432.743351772]
20230319: [22799351.56449742]
20230320: [25083054.15176813]
20230321: [23428666.093285806]
20230322: [24225746.08378161]
20230323: [23410025.445430953]
20230324: [23792864.80088361]
20230325: [22790337.579670716]
20230326: [23170462.930858288]
20230327: [22541229.390557274]
20230328: [23726748.096239224]
20230329: [22301704.372336242]
