20250727: [19802566.82244706]
20250728: [21716206.454045568]
20250729: [19327897.816869162]
20250730: [19311338.452702776]
20250731: [20289451.567309193]
20250801: [19664298.418393485]
20250802: [21193424.774456967]
20250803: [21062243.736295532]
20250804: [21210683.4502065]
20250805: [20006241.858352467]
20250806: [20157731.764726438]
20250807: [20208545.889462166]
20250808: [18970811.328953378]
20250809: [20799633.73614587]
20250810: [20780302.564502653]
20250811: [20115360.467737556]
20250812: [19910918.50586383]
20250813: [19359099.587103695]
20250814: [19656866.14326836]
20250815: [19633329.52800905]
20250816: [19620483.953159105]
20250817: [19701683.36189171]
20250818: [19799258.812629152]
20250819: [19266929.39854754]
20250820: [20428666.28444164]
20250821: [21157177.30247672]
20250822: [19209737.288977932]
20250823: [20820995.332675207]
20250824: [19715604.01223544]
20250825: [20231262.389858387]
20250826: [20486193.05708145]
20250827: [19098618.40061263]
20250828: [21318791.806804113]
20250829: [19630396.309441548]
20250830: [20830542.320646267]
20250831: [20907872.542976867]
20250901: [20464942.38112192]
20250902: [20058709.782653168]
20250903: [20591323.505335305]
20250904: [20393920.011718724]
20250905: [20992013.138492923]
20250906: [20789832.027333625]
20250907: [20602437.86824416]
20250908: [20559600.23104054]
20250909: [20934486.538952794]
20250910: [20156864.242877014]
20250911: [20765872.094153468]
20250912: [19564750.544697735]
20250913: [19196295.003721025]
20250914: [21016108.20479346]
20250915: [20302310.125204865]
20250916: [20415662.103340026]
20250917: [20190639.34662013]
