20220923: [31664965.077053253]
20220924: [31306863.79773536]
20220925: [33147202.326362204]
20220926: [30925471.325280707]
20220927: [31931934.093653046]
20220928: [31690572.60672802]
20220929: [31343882.110256083]
20220930: [33744058.32630492]
20221001: [32097378.275371548]
20221002: [31293180.67869338]
20221003: [31953846.784971148]
20221004: [27427869.67700859]
20221005: [30846146.600154594]
20221006: [31157403.184519198]
20221007: [25203830.30789509]
20221008: [28855715.020525888]
20221009: [31867654.97025607]
20221010: [30779059.990296]
20221011: [31230897.912809003]
20221012: [31835725.280029856]
20221013: [31557259.391783398]
20221014: [31645180.298223473]
20221015: [33121093.66110291]
20221016: [32115377.75766967]
20221017: [32124233.853440184]
20221018: [33526915.73340454]
20221019: [32746492.609055765]
20221020: [31355558.421295337]
20221021: [32970915.890286483]
20221022: [31011055.32859223]
20221023: [30920214.619700577]
20221024: [31583874.420294262]
20221025: [32539296.158939514]
20221026: [31430038.562720235]
20221027: [30963771.988060307]
20221028: [33080549.890147503]
20221029: [33584474.64195268]
20221030: [31488596.04876699]
20221031: [32659533.41298844]
20221101: [31371340.72042503]
20221102: [31213716.88286813]
20221103: [33457515.212711964]
20221104: [32543677.55724859]
20221105: [31475552.66296213]
20221106: [31419526.3439369]
20221107: [28685881.660055142]
20221108: [31448199.689356614]
20221109: [31434010.900524855]
20221110: [28965727.18130348]
20221111: [31896996.856151484]
20221112: [31773786.400946908]
20221113: [32500400.99614117]
20221114: [32830834.89922867]
20221115: [32725533.704249248]
20221116: [31369612.06946126]
20221117: [31570272.58956629]
20221118: [31129140.625620157]
20221119: [31696467.962373942]
20221120: [32915398.61650568]
20221121: [32955653.163872905]
20221122: [30807900.88116963]
20221123: [31540504.808100723]
20221124: [33578993.07028405]
20221125: [30954667.90102538]
20221126: [32766847.69052319]
20221127: [32087438.42374351]
20221128: [32240114.9891728]
20221129: [31554516.401704624]
20221130: [31720641.604640055]
20221201: [32071667.261642627]
20221202: [31847442.190093867]
20221203: [31910072.27481966]
20221204: [31226817.8279251]
20221205: [32375495.73313786]
20221206: [31742538.35461299]
20221207: [34906734.984959915]
20221208: [27774995.698394276]
20221209: [33763101.7466014]
20221210: [33267777.329031304]
20221211: [34404561.01542197]
20221212: [31476739.741239432]
20221213: [32099688.151509285]
20221214: [32435274.20822084]
20221215: [33077647.64277768]
20221216: [32515025.024841428]
20221217: [31626732.426461086]
20221218: [34560398.67853397]
20221219: [33105093.352252837]
20221220: [32702517.65283416]
20221221: [32163982.002644997]
20221222: [26248766.402480938]
20221223: [31884853.456117462]
20221224: [31697827.039722238]
20221225: [31546970.300923258]
20221226: [32594617.467590075]
20230103: [33617791.66205668]
20230104: [32915575.414003663]
20230105: [35616113.25080829]
20230107: [32963867.488633763]
20230108: [27418613.056939058]
20230109: [32593272.35536326]
20230111: [31270611.48944824]
20230112: [28477023.690453984]
20230113: [34284593.46917473]
20230114: [35101074.17787101]
20230115: [30963340.039408643]
20230116: [21626677.17862212]
20230117: [32458523.96813398]
20230118: [32237777.91681897]
